
Microsoft Visual Studio Solution File, Format Version 12.00
# Visual Studio Version 17
VisualStudioVersion = 17.9.34728.123
MinimumVisualStudioVersion = 10.0.40219.1
Project("{FAE04EC0-301F-11D3-BF4B-00C04F79EFBC}") = "Tempdata_MVC", "Tempdata_MVC\Tempdata_MVC.csproj", "{4330A16D-2FB6-4379-BFD6-BBE98E3061F1}"
EndProject
Global
	GlobalSection(SolutionConfigurationPlatforms) = preSolution
		Debug|Any CPU = Debug|Any CPU
		Release|Any CPU = Release|Any CPU
	EndGlobalSection
	GlobalSection(ProjectConfigurationPlatforms) = postSolution
		{4330A16D-2FB6-4379-BFD6-BBE98E3061F1}.Debug|Any CPU.ActiveCfg = Debug|Any CPU
		{4330A16D-2FB6-4379-BFD6-BBE98E3061F1}.Debug|Any CPU.Build.0 = Debug|Any CPU
		{4330A16D-2FB6-4379-BFD6-BBE98E3061F1}.Release|Any CPU.ActiveCfg = Release|Any CPU
		{4330A16D-2FB6-4379-BFD6-BBE98E3061F1}.Release|Any CPU.Build.0 = Release|Any CPU
	EndGlobalSection
	GlobalSection(SolutionProperties) = preSolution
		HideSolutionNode = FALSE
	EndGlobalSection
	GlobalSection(ExtensibilityGlobals) = postSolution
		SolutionGuid = {C5363C80-0A1C-4DB4-A6D0-ED674C479C79}
	EndGlobalSection
EndGlobal
