
Microsoft Visual Studio Solution File, Format Version 12.00
# Visual Studio Version 17
VisualStudioVersion = 17.9.34728.123
MinimumVisualStudioVersion = 10.0.40219.1
Project("{9A19103F-16F7-4668-BE54-9A1E7A4F7556}") = "TFLCommerece_30may2024", "TFLCommerece_30may2024\TFLCommerece_30may2024.csproj", "{AEBA0F62-AE3E-4232-987C-D8B192A9AD90}"
EndProject
Project("{FAE04EC0-301F-11D3-BF4B-00C04F79EFBC}") = "Singleton_Customer_MVC", "Singleton_Customer_MVC\Singleton_Customer_MVC.csproj", "{ED8390F9-557F-422B-A87A-1A6524A4F176}"
EndProject
Global
	GlobalSection(SolutionConfigurationPlatforms) = preSolution
		Debug|Any CPU = Debug|Any CPU
		Release|Any CPU = Release|Any CPU
	EndGlobalSection
	GlobalSection(ProjectConfigurationPlatforms) = postSolution
		{AEBA0F62-AE3E-4232-987C-D8B192A9AD90}.Debug|Any CPU.ActiveCfg = Debug|Any CPU
		{AEBA0F62-AE3E-4232-987C-D8B192A9AD90}.Debug|Any CPU.Build.0 = Debug|Any CPU
		{AEBA0F62-AE3E-4232-987C-D8B192A9AD90}.Release|Any CPU.ActiveCfg = Release|Any CPU
		{AEBA0F62-AE3E-4232-987C-D8B192A9AD90}.Release|Any CPU.Build.0 = Release|Any CPU
		{ED8390F9-557F-422B-A87A-1A6524A4F176}.Debug|Any CPU.ActiveCfg = Debug|Any CPU
		{ED8390F9-557F-422B-A87A-1A6524A4F176}.Debug|Any CPU.Build.0 = Debug|Any CPU
		{ED8390F9-557F-422B-A87A-1A6524A4F176}.Release|Any CPU.ActiveCfg = Release|Any CPU
		{ED8390F9-557F-422B-A87A-1A6524A4F176}.Release|Any CPU.Build.0 = Release|Any CPU
	EndGlobalSection
	GlobalSection(SolutionProperties) = preSolution
		HideSolutionNode = FALSE
	EndGlobalSection
	GlobalSection(ExtensibilityGlobals) = postSolution
		SolutionGuid = {58075BC6-C0B0-4138-BFD3-0E79FF5FBDD5}
	EndGlobalSection
EndGlobal
