
Microsoft Visual Studio Solution File, Format Version 12.00
# Visual Studio Version 17
VisualStudioVersion = 17.9.34728.123
MinimumVisualStudioVersion = 10.0.40219.1
Project("{FAE04EC0-301F-11D3-BF4B-00C04F79EFBC}") = "Views_Partial", "Views_Partial\Views_Partial.csproj", "{EBAC796E-B86F-46FC-A24C-4C3B169E405B}"
EndProject
Global
	GlobalSection(SolutionConfigurationPlatforms) = preSolution
		Debug|Any CPU = Debug|Any CPU
		Release|Any CPU = Release|Any CPU
	EndGlobalSection
	GlobalSection(ProjectConfigurationPlatforms) = postSolution
		{EBAC796E-B86F-46FC-A24C-4C3B169E405B}.Debug|Any CPU.ActiveCfg = Debug|Any CPU
		{EBAC796E-B86F-46FC-A24C-4C3B169E405B}.Debug|Any CPU.Build.0 = Debug|Any CPU
		{EBAC796E-B86F-46FC-A24C-4C3B169E405B}.Release|Any CPU.ActiveCfg = Release|Any CPU
		{EBAC796E-B86F-46FC-A24C-4C3B169E405B}.Release|Any CPU.Build.0 = Release|Any CPU
	EndGlobalSection
	GlobalSection(SolutionProperties) = preSolution
		HideSolutionNode = FALSE
	EndGlobalSection
	GlobalSection(ExtensibilityGlobals) = postSolution
		SolutionGuid = {ADA7251F-89BA-4D71-A838-7F331E45C84E}
	EndGlobalSection
EndGlobal
