
Microsoft Visual Studio Solution File, Format Version 12.00
# Visual Studio Version 17
VisualStudioVersion = 17.9.34728.123
MinimumVisualStudioVersion = 10.0.40219.1
Project("{9A19103F-16F7-4668-BE54-9A1E7A4F7556}") = "MVC_DBContext_Customer", "MVC_DBContext_Customer\MVC_DBContext_Customer.csproj", "{8F3B0495-A23E-402E-95CB-774F54D567DF}"
EndProject
Project("{FAE04EC0-301F-11D3-BF4B-00C04F79EFBC}") = "MVC_DBContext_Singleton", "MVC_DBContext_Singleton\MVC_DBContext_Singleton.csproj", "{603ED601-D08C-45DC-AB6E-F8BE265BCBAC}"
EndProject
Global
	GlobalSection(SolutionConfigurationPlatforms) = preSolution
		Debug|Any CPU = Debug|Any CPU
		Release|Any CPU = Release|Any CPU
	EndGlobalSection
	GlobalSection(ProjectConfigurationPlatforms) = postSolution
		{8F3B0495-A23E-402E-95CB-774F54D567DF}.Debug|Any CPU.ActiveCfg = Debug|Any CPU
		{8F3B0495-A23E-402E-95CB-774F54D567DF}.Debug|Any CPU.Build.0 = Debug|Any CPU
		{8F3B0495-A23E-402E-95CB-774F54D567DF}.Release|Any CPU.ActiveCfg = Release|Any CPU
		{8F3B0495-A23E-402E-95CB-774F54D567DF}.Release|Any CPU.Build.0 = Release|Any CPU
		{603ED601-D08C-45DC-AB6E-F8BE265BCBAC}.Debug|Any CPU.ActiveCfg = Debug|Any CPU
		{603ED601-D08C-45DC-AB6E-F8BE265BCBAC}.Debug|Any CPU.Build.0 = Debug|Any CPU
		{603ED601-D08C-45DC-AB6E-F8BE265BCBAC}.Release|Any CPU.ActiveCfg = Release|Any CPU
		{603ED601-D08C-45DC-AB6E-F8BE265BCBAC}.Release|Any CPU.Build.0 = Release|Any CPU
	EndGlobalSection
	GlobalSection(SolutionProperties) = preSolution
		HideSolutionNode = FALSE
	EndGlobalSection
	GlobalSection(ExtensibilityGlobals) = postSolution
		SolutionGuid = {DE3E12CE-7671-4ED9-B608-E8E5F88910F3}
	EndGlobalSection
EndGlobal
