
Microsoft Visual Studio Solution File, Format Version 12.00
# Visual Studio Version 17
VisualStudioVersion = 17.9.34728.123
MinimumVisualStudioVersion = 10.0.40219.1
Project("{FAE04EC0-301F-11D3-BF4B-00C04F79EFBC}") = "Checkbox_In_MVC", "Checkbox_In_MVC\Checkbox_In_MVC.csproj", "{1D4D9772-C2FC-4BE2-8EE6-8601A40F7A30}"
EndProject
Global
	GlobalSection(SolutionConfigurationPlatforms) = preSolution
		Debug|Any CPU = Debug|Any CPU
		Release|Any CPU = Release|Any CPU
	EndGlobalSection
	GlobalSection(ProjectConfigurationPlatforms) = postSolution
		{1D4D9772-C2FC-4BE2-8EE6-8601A40F7A30}.Debug|Any CPU.ActiveCfg = Debug|Any CPU
		{1D4D9772-C2FC-4BE2-8EE6-8601A40F7A30}.Debug|Any CPU.Build.0 = Debug|Any CPU
		{1D4D9772-C2FC-4BE2-8EE6-8601A40F7A30}.Release|Any CPU.ActiveCfg = Release|Any CPU
		{1D4D9772-C2FC-4BE2-8EE6-8601A40F7A30}.Release|Any CPU.Build.0 = Release|Any CPU
	EndGlobalSection
	GlobalSection(SolutionProperties) = preSolution
		HideSolutionNode = FALSE
	EndGlobalSection
	GlobalSection(ExtensibilityGlobals) = postSolution
		SolutionGuid = {C01D919D-41BA-4CAE-912F-6399301292FB}
	EndGlobalSection
EndGlobal
